{
  "name": "@progress/kendo-theme-material",
  "version": "3.18.0",
  "lockfileVersion": 1,
  "requires": true,
  "dependencies": {
    "@progress/kendo-theme-default": {
      "version": "4.31.0",
      "resolved": "https://registry.npmjs.org/@progress/kendo-theme-default/-/kendo-theme-default-4.31.0.tgz",
      "integrity": "sha512-hvaWdvc83JHE5T8wbz3cCM6DNiVrPb/mYuR1nZs0xzkQSXtRRCTz9dU/hM99p/YSh1eAUUE3SWt6/AhpK7gkLA==",
      "dev": true
    }
  }
}
