{
  "name": "@progress/kendo-theme-material",
  "version": "3.18.0",
  "lockfileVersion": 1,
  "requires": true,
  "dependencies": {
    "@progress/kendo-theme-default": {
      "version": "4.27.0",
      "resolved": "https://registry.npmjs.org/@progress/kendo-theme-default/-/kendo-theme-default-4.27.0.tgz",
      "integrity": "sha512-4GSvqPQfs+S2XgIlg5/nCy2y67u/Okr0qY2Hic6DYUFp50AMY4H9dEXQwjiBwDi7YpabdTBz8eP4mMOfAuKA1g==",
      "dev": true
    }
  }
}
