{
  "name": "@progress/kendo-theme-material",
  "version": "3.18.0",
  "lockfileVersion": 1,
  "requires": true,
  "dependencies": {
    "@progress/kendo-theme-default": {
      "version": "4.25.0",
      "resolved": "https://registry.npmjs.org/@progress/kendo-theme-default/-/kendo-theme-default-4.25.0.tgz",
      "integrity": "sha512-H7Dhuxi+r0kuhkNgcHg1FseTy+MV1vZuf3TsIP9QEa2LOvWmQnCl892VDpZaJeRIa6EZ30r1CC80YVto+dKX4g==",
      "dev": true
    }
  }
}
