{
  "name": "@progress/kendo-theme-bootstrap",
  "version": "4.19.0",
  "lockfileVersion": 1,
  "requires": true,
  "dependencies": {
    "@progress/kendo-theme-default": {
      "version": "5.8.1",
      "resolved": "https://registry.npmjs.org/@progress/kendo-theme-default/-/kendo-theme-default-5.8.1.tgz",
      "integrity": "sha512-CJpVl8QeGF9s+6MsIC/s4QNilzMZ2enSdVnp42RC86TB6GNbczZqqu653p8y8SoZO7DvnJ+NL47yFLeUCBxyUQ==",
      "dev": true
    },
    "bootstrap": {
      "version": "4.5.2",
      "resolved": "https://registry.npmjs.org/bootstrap/-/bootstrap-4.5.2.tgz",
      "integrity": "sha512-vlGn0bcySYl/iV+BGA544JkkZP5LB3jsmkeKLFQakCOwCM3AOk7VkldBz4jrzSe+Z0Ezn99NVXa1o45cQY4R6A==",
      "dev": true
    }
  }
}
