{
  "name": "@progress/kendo-theme-bootstrap",
  "version": "4.19.0",
  "lockfileVersion": 1,
  "requires": true,
  "dependencies": {
    "@progress/kendo-theme-default": {
      "version": "4.39.0",
      "resolved": "https://registry.npmjs.org/@progress/kendo-theme-default/-/kendo-theme-default-4.39.0.tgz",
      "integrity": "sha512-0nXNscH1O5TsR7yTTXHVH6CuzzGAPPYwRPNKdVAResG2r7ypxqjVc5Jv1SG5NBrX11A54qwrnNdR/wRBdoyBOA==",
      "dev": true
    },
    "bootstrap": {
      "version": "4.5.2",
      "resolved": "https://registry.npmjs.org/bootstrap/-/bootstrap-4.5.2.tgz",
      "integrity": "sha512-vlGn0bcySYl/iV+BGA544JkkZP5LB3jsmkeKLFQakCOwCM3AOk7VkldBz4jrzSe+Z0Ezn99NVXa1o45cQY4R6A==",
      "dev": true
    }
  }
}
