{
  "name": "@progress/kendo-theme-bootstrap",
  "version": "4.19.0",
  "lockfileVersion": 1,
  "requires": true,
  "dependencies": {
    "@progress/kendo-theme-default": {
      "version": "4.35.0",
      "resolved": "https://registry.npmjs.org/@progress/kendo-theme-default/-/kendo-theme-default-4.35.0.tgz",
      "integrity": "sha512-n+JnoxuuRMY6jV2RwbdRCSscHVOXbSeE/nwP6/lc8g49YhHCebJv7O8MzxLmarVLK+v4bHpinIteU/kodaHTyg==",
      "dev": true
    },
    "bootstrap": {
      "version": "4.5.2",
      "resolved": "https://registry.npmjs.org/bootstrap/-/bootstrap-4.5.2.tgz",
      "integrity": "sha512-vlGn0bcySYl/iV+BGA544JkkZP5LB3jsmkeKLFQakCOwCM3AOk7VkldBz4jrzSe+Z0Ezn99NVXa1o45cQY4R6A==",
      "dev": true
    }
  }
}
